// !$*UTF8*$!
{
	archiveVersion = 1;
	classes = {
	};
	objectVersion = 46;
	objects = {

/* Begin PBXBuildFile section */
		514E343DA7E2014F03BF49B1 /* Pods_ARoomie.framework in Frameworks */ = {isa = PBXBuildFile; fileRef = 836C3D9CAED0B2FD6DE9531B /* Pods_ARoomie.framework */; };
		ACE8DE3E1E0089FB0025530F /* AppDelegate.swift in Sources */ = {isa = PBXBuildFile; fileRef = ACE8DE3D1E0089FB0025530F /* AppDelegate.swift */; };
		ACE8DE401E0089FB0025530F /* ViewController.swift in Sources */ = {isa = PBXBuildFile; fileRef = ACE8DE3F1E0089FB0025530F /* ViewController.swift */; };
		ACE8DE431E0089FB0025530F /* Main.storyboard in Resources */ = {isa = PBXBuildFile; fileRef = ACE8DE411E0089FB0025530F /* Main.storyboard */; };
		ACE8DE451E0089FB0025530F /* Assets.xcassets in Resources */ = {isa = PBXBuildFile; fileRef = ACE8DE441E0089FB0025530F /* Assets.xcassets */; };
		ACE8DE481E0089FB0025530F /* LaunchScreen.storyboard in Resources */ = {isa = PBXBuildFile; fileRef = ACE8DE461E0089FB0025530F /* LaunchScreen.storyboard */; };
/* End PBXBuildFile section */

/* Begin PBXFileReference section */
		836C3D9CAED0B2FD6DE9531B /* Pods_ARoomie.framework */ = {isa = PBXFileReference; explicitFileType = wrapper.framework; includeInIndex = 0; path = Pods_ARoomie.framework; sourceTree = BUILT_PRODUCTS_DIR; };
		8ED54050A3161D71010C5DA7 /* Pods-ARoomie.debug.xcconfig */ = {isa = PBXFileReference; includeInIndex = 1; lastKnownFileType = text.xcconfig; name = "Pods-ARoomie.debug.xcconfig"; path = "Pods/Target Support Files/Pods-ARoomie/Pods-ARoomie.debug.xcconfig"; sourceTree = "<group>"; };
		9EA1B70793769F89F9486BB2 /* Pods-ARoomie.release.xcconfig */ = {isa = PBXFileReference; includeInIndex = 1; lastKnownFileType = text.xcconfig; name = "Pods-ARoomie.release.xcconfig"; path = "Pods/Target Support Files/Pods-ARoomie/Pods-ARoomie.release.xcconfig"; sourceTree = "<group>"; };
		ACE8DE3A1E0089FB0025530F /* ARoomie.app */ = {isa = PBXFileReference; explicitFileType = wrapper.application; includeInIndex = 0; path = ARoomie.app; sourceTree = BUILT_PRODUCTS_DIR; };
		ACE8DE3D1E0089FB0025530F /* AppDelegate.swift */ = {isa = PBXFileReference; lastKnownFileType = sourcecode.swift; path = AppDelegate.swift; sourceTree = "<group>"; };
		ACE8DE3F1E0089FB0025530F /* ViewController.swift */ = {isa = PBXFileReference; lastKnownFileType = sourcecode.swift; path = ViewController.swift; sourceTree = "<group>"; };
		ACE8DE421E0089FB0025530F /* Base */ = {isa = PBXFileReference; lastKnownFileType = file.storyboard; name = Base; path = Base.lproj/Main.storyboard; sourceTree = "<group>"; };
		ACE8DE441E0089FB0025530F /* Assets.xcassets */ = {isa = PBXFileReference; lastKnownFileType = folder.assetcatalog; path = Assets.xcassets; sourceTree = "<group>"; };
		ACE8DE471E0089FB0025530F /* Base */ = {isa = PBXFileReference; lastKnownFileType = file.storyboard; name = Base; path = Base.lproj/LaunchScreen.storyboard; sourceTree = "<group>"; };
		ACE8DE491E0089FB0025530F /* Info.plist */ = {isa = PBXFileReference; lastKnownFileType = text.plist.xml; path = Info.plist; sourceTree = "<group>"; };
/* End PBXFileReference section */

/* Begin PBXFrameworksBuildPhase section */
		ACE8DE371E0089FB0025530F /* Frameworks */ = {
			isa = PBXFrameworksBuildPhase;
			buildActionMask = 2147483647;
			files = (
				514E343DA7E2014F03BF49B1 /* Pods_ARoomie.framework in Frameworks */,
			);
			runOnlyForDeploymentPostprocessing = 0;
		};
/* End PBXFrameworksBuildPhase section */

/* Begin PBXGroup section */
		3255966E4851C5471403B210 /* Pods */ = {
			isa = PBXGroup;
			children = (
				8ED54050A3161D71010C5DA7 /* Pods-ARoomie.debug.xcconfig */,
				9EA1B70793769F89F9486BB2 /* Pods-ARoomie.release.xcconfig */,
			);
			name = Pods;
			sourceTree = "<group>";
		};
		ACE8DE311E0089FB0025530F = {
			isa = PBXGroup;
			children = (
				ACE8DE3C1E0089FB0025530F /* ARoomie */,
				ACE8DE3B1E0089FB0025530F /* Products */,
				3255966E4851C5471403B210 /* Pods */,
				D72EFA559BCFA842295CABD4 /* Frameworks */,
			);
			sourceTree = "<group>";
		};
		ACE8DE3B1E0089FB0025530F /* Products */ = {
			isa = PBXGroup;
			children = (
				ACE8DE3A1E0089FB0025530F /* ARoomie.app */,
			);
			name = Products;
			sourceTree = "<group>";
		};
		ACE8DE3C1E0089FB0025530F /* ARoomie */ = {
			isa = PBXGroup;
			children = (
				ACE8DE3D1E0089FB0025530F /* AppDelegate.swift */,
				ACE8DE3F1E0089FB0025530F /* ViewController.swift */,
				ACE8DE411E0089FB0025530F /* Main.storyboard */,
				ACE8DE441E0089FB0025530F /* Assets.xcassets */,
				ACE8DE461E0089FB0025530F /* LaunchScreen.storyboard */,
				ACE8DE491E0089FB0025530F /* Info.plist */,
			);
			path = ARoomie;
			sourceTree = "<group>";
		};
		D72EFA559BCFA842295CABD4 /* Frameworks */ = {
			isa = PBXGroup;
			children = (
				836C3D9CAED0B2FD6DE9531B /* Pods_ARoomie.framework */,
			);
			name = Frameworks;
			sourceTree = "<group>";
		};
/* End PBXGroup section */

/* Begin PBXNativeTarget section */
		ACE8DE391E0089FB0025530F /* ARoomie */ = {
			isa = PBXNativeTarget;
			buildConfigurationList = ACE8DE4C1E0089FB0025530F /* Build configuration list for PBXNativeTarget "ARoomie" */;
			buildPhases = (
				C870065A5E577B2F5490E5C7 /* [CP] Check Pods Manifest.lock */,
				ACE8DE361E0089FB0025530F /* Sources */,
				ACE8DE371E0089FB0025530F /* Frameworks */,
				ACE8DE381E0089FB0025530F /* Resources */,
				4E370ACF53BD47502721EC05 /* [CP] Embed Pods Frameworks */,
				EEC65A1144B2A8E01467967A /* [CP] Copy Pods Resources */,
			);
			buildRules = (
			);
			dependencies = (
			);
			name = ARoomie;
			productName = ARoomie;
			productReference = ACE8DE3A1E0089FB0025530F /* ARoomie.app */;
			productType = "com.apple.product-type.application";
		};
/* End PBXNativeTarget section */

/* Begin PBXProject section */
		ACE8DE321E0089FB0025530F /* Project object */ = {
			isa = PBXProject;
			attributes = {
				LastSwiftUpdateCheck = 0800;
				LastUpgradeCheck = 0800;
				ORGANIZATIONNAME = "Yong Ching";
				TargetAttributes = {
					ACE8DE391E0089FB0025530F = {
						CreatedOnToolsVersion = 8.0;
						DevelopmentTeam = RPCZUUG7G6;
						ProvisioningStyle = Automatic;
					};
				};
			};
			buildConfigurationList = ACE8DE351E0089FB0025530F /* Build configuration list for PBXProject "ARoomie" */;
			compatibilityVersion = "Xcode 3.2";
			developmentRegion = English;
			hasScannedForEncodings = 0;
			knownRegions = (
				en,
				Base,
			);
			mainGroup = ACE8DE311E0089FB0025530F;
			productRefGroup = ACE8DE3B1E0089FB0025530F /* Products */;
			projectDirPath = "";
			projectRoot = "";
			targets = (
				ACE8DE391E0089FB0025530F /* ARoomie */,
			);
		};
/* End PBXProject section */

/* Begin PBXResourcesBuildPhase section */
		ACE8DE381E0089FB0025530F /* Resources */ = {
			isa = PBXResourcesBuildPhase;
			buildActionMask = 2147483647;
			files = (
				ACE8DE481E0089FB0025530F /* LaunchScreen.storyboard in Resources */,
				ACE8DE451E0089FB0025530F /* Assets.xcassets in Resources */,
				ACE8DE431E0089FB0025530F /* Main.storyboard in Resources */,
			);
			runOnlyForDeploymentPostprocessing = 0;
		};
/* End PBXResourcesBuildPhase section */

/* Begin PBXShellScriptBuildPhase section */
		4E370ACF53BD47502721EC05 /* [CP] Embed Pods Frameworks */ = {
			isa = PBXShellScriptBuildPhase;
			buildActionMask = 2147483647;
			files = (
			);
			inputPaths = (
			);
			name = "[CP] Embed Pods Frameworks";
			outputPaths = (
			);
			runOnlyForDeploymentPostprocessing = 0;
			shellPath = /bin/sh;
			shellScript = "\"${SRCROOT}/Pods/Target Support Files/Pods-ARoomie/Pods-ARoomie-frameworks.sh\"\n";
			showEnvVarsInLog = 0;
		};
		C870065A5E577B2F5490E5C7 /* [CP] Check Pods Manifest.lock */ = {
			isa = PBXShellScriptBuildPhase;
			buildActionMask = 2147483647;
			files = (
			);
			inputPaths = (
			);
			name = "[CP] Check Pods Manifest.lock";
			outputPaths = (
			);
			runOnlyForDeploymentPostprocessing = 0;
			shellPath = /bin/sh;
			shellScript = "diff \"${PODS_ROOT}/../Podfile.lock\" \"${PODS_ROOT}/Manifest.lock\" > /dev/null\nif [[ $? != 0 ]] ; then\n    cat << EOM\nerror: The sandbox is not in sync with the Podfile.lock. Run 'pod install' or update your CocoaPods installation.\nEOM\n    exit 1\nfi\n";
			showEnvVarsInLog = 0;
		};
		EEC65A1144B2A8E01467967A /* [CP] Copy Pods Resources */ = {
			isa = PBXShellScriptBuildPhase;
			buildActionMask = 2147483647;
			files = (
			);
			inputPaths = (
			);
			name = "[CP] Copy Pods Resources";
			outputPaths = (
			);
			runOnlyForDeploymentPostprocessing = 0;
			shellPath = /bin/sh;
			shellScript = "\"${SRCROOT}/Pods/Target Support Files/Pods-ARoomie/Pods-ARoomie-resources.sh\"\n";
			showEnvVarsInLog = 0;
		};
/* End PBXShellScriptBuildPhase section */

/* Begin PBXSourcesBuildPhase section */
		ACE8DE361E0089FB0025530F /* Sources */ = {
			isa = PBXSourcesBuildPhase;
			buildActionMask = 2147483647;
			files = (
				ACE8DE401E0089FB0025530F /* ViewController.swift in Sources */,
				ACE8DE3E1E0089FB0025530F /* AppDelegate.swift in Sources */,
			);
			runOnlyForDeploymentPostprocessing = 0;
		};
/* End PBXSourcesBuildPhase section */

/* Begin PBXVariantGroup section */
		ACE8DE411E0089FB0025530F /* Main.storyboard */ = {
			isa = PBXVariantGroup;
			children = (
				ACE8DE421E0089FB0025530F /* Base */,
			);
			name = Main.storyboard;
			sourceTree = "<group>";
		};
		ACE8DE461E0089FB0025530F /* LaunchScreen.storyboard */ = {
			isa = PBXVariantGroup;
			children = (
				ACE8DE471E0089FB0025530F /* Base */,
			);
			name = LaunchScreen.storyboard;
			sourceTree = "<group>";
		};
/* End PBXVariantGroup section */

/* Begin XCBuildConfiguration section */
		ACE8DE4A1E0089FB0025530F /* Debug */ = {
			isa = XCBuildConfiguration;
			buildSettings = {
				ALWAYS_SEARCH_USER_PATHS = NO;
				CLANG_ANALYZER_NONNULL = YES;
				CLANG_CXX_LANGUAGE_STANDARD = "gnu++0x";
				CLANG_CXX_LIBRARY = "libc++";
				CLANG_ENABLE_MODULES = YES;
				CLANG_ENABLE_OBJC_ARC = YES;
				CLANG_WARN_BOOL_CONVERSION = YES;
				CLANG_WARN_CONSTANT_CONVERSION = YES;
				CLANG_WARN_DIRECT_OBJC_ISA_USAGE = YES_ERROR;
				CLANG_WARN_DOCUMENTATION_COMMENTS = YES;
				CLANG_WARN_EMPTY_BODY = YES;
				CLANG_WARN_ENUM_CONVERSION = YES;
				CLANG_WARN_INFINITE_RECURSION = YES;
				CLANG_WARN_INT_CONVERSION = YES;
				CLANG_WARN_OBJC_ROOT_CLASS = YES_ERROR;
				CLANG_WARN_SUSPICIOUS_MOVES = YES;
				CLANG_WARN_UNREACHABLE_CODE = YES;
				CLANG_WARN__DUPLICATE_METHOD_MATCH = YES;
				"CODE_SIGN_IDENTITY[sdk=iphoneos*]" = "iPhone Developer";
				COPY_PHASE_STRIP = NO;
				DEBUG_INFORMATION_FORMAT = dwarf;
				ENABLE_STRICT_OBJC_MSGSEND = YES;
				ENABLE_TESTABILITY = YES;
				GCC_C_LANGUAGE_STANDARD = gnu99;
				GCC_DYNAMIC_NO_PIC = NO;
				GCC_NO_COMMON_BLOCKS = YES;
				GCC_OPTIMIZATION_LEVEL = 0;
				GCC_PREPROCESSOR_DEFINITIONS = (
					"DEBUG=1",
					"$(inherited)",
				);
				GCC_WARN_64_TO_32_BIT_CONVERSION = YES;
				GCC_WARN_ABOUT_RETURN_TYPE = YES_ERROR;
				GCC_WARN_UNDECLARED_SELECTOR = YES;
				GCC_WARN_UNINITIALIZED_AUTOS = YES_AGGRESSIVE;
				GCC_WARN_UNUSED_FUNCTION = YES;
				GCC_WARN_UNUSED_VARIABLE = YES;
				IPHONEOS_DEPLOYMENT_TARGET = 10.0;
				MTL_ENABLE_DEBUG_INFO = YES;
				ONLY_ACTIVE_ARCH = YES;
				SDKROOT = iphoneos;
				SWIFT_ACTIVE_COMPILATION_CONDITIONS = DEBUG;
				SWIFT_OPTIMIZATION_LEVEL = "-Onone";
				TARGETED_DEVICE_FAMILY = "1,2";
			};
			name = Debug;
		};
		ACE8DE4B1E0089FB0025530F /* Release */ = {
			isa = XCBuildConfiguration;
			buildSettings = {
				ALWAYS_SEARCH_USER_PATHS = NO;
				CLANG_ANALYZER_NONNULL = YES;
				CLANG_CXX_LANGUAGE_STANDARD = "gnu++0x";
				CLANG_CXX_LIBRARY = "libc++";
				CLANG_ENABLE_MODULES = YES;
				CLANG_ENABLE_OBJC_ARC = YES;
				CLANG_WARN_BOOL_CONVERSION = YES;
				CLANG_WARN_CONSTANT_CONVERSION = YES;
				CLANG_WARN_DIRECT_OBJC_ISA_USAGE = YES_ERROR;
				CLANG_WARN_DOCUMENTATION_COMMENTS = YES;
				CLANG_WARN_EMPTY_BODY = YES;
				CLANG_WARN_ENUM_CONVERSION = YES;
				CLANG_WARN_INFINITE_RECURSION = YES;
				CLANG_WARN_INT_CONVERSION = YES;
				CLANG_WARN_OBJC_ROOT_CLASS = YES_ERROR;
				CLANG_WARN_SUSPICIOUS_MOVES = YES;
				CLANG_WARN_UNREACHABLE_CODE = YES;
				CLANG_WARN__DUPLICATE_METHOD_MATCH = YES;
				"CODE_SIGN_IDENTITY[sdk=iphoneos*]" = "iPhone Developer";
				COPY_PHASE_STRIP = NO;
				DEBUG_INFORMATION_FORMAT = "dwarf-with-dsym";
				ENABLE_NS_ASSERTIONS = NO;
				ENABLE_STRICT_OBJC_MSGSEND = YES;
				GCC_C_LANGUAGE_STANDARD = gnu99;
				GCC_NO_COMMON_BLOCKS = YES;
				GCC_WARN_64_TO_32_BIT_CONVERSION = YES;
				GCC_WARN_ABOUT_RETURN_TYPE = YES_ERROR;
				GCC_WARN_UNDECLARED_SELECTOR = YES;
				GCC_WARN_UNINITIALIZED_AUTOS = YES_AGGRESSIVE;
				GCC_WARN_UNUSED_FUNCTION = YES;
				GCC_WARN_UNUSED_VARIABLE = YES;
				IPHONEOS_DEPLOYMENT_TARGET = 10.0;
				MTL_ENABLE_DEBUG_INFO = NO;
				SDKROOT = iphoneos;
				SWIFT_OPTIMIZATION_LEVEL = "-Owholemodule";
				TARGETED_DEVICE_FAMILY = "1,2";
				VALIDATE_PRODUCT = YES;
			};
			name = Release;
		};
		ACE8DE4D1E0089FB0025530F /* Debug */ = {
			isa = XCBuildConfiguration;
			baseConfigurationReference = 8ED54050A3161D71010C5DA7 /* Pods-ARoomie.debug.xcconfig */;
			buildSettings = {
				ASSETCATALOG_COMPILER_APPICON_NAME = AppIcon;
				DEVELOPMENT_TEAM = RPCZUUG7G6;
				INFOPLIST_FILE = ARoomie/Info.plist;
				LD_RUNPATH_SEARCH_PATHS = "$(inherited) @executable_path/Frameworks";
				PRODUCT_BUNDLE_IDENTIFIER = com.yongching.ARoomie;
				PRODUCT_NAME = "$(TARGET_NAME)";
				SWIFT_VERSION = 3.0;
			};
			name = Debug;
		};
		ACE8DE4E1E0089FB0025530F /* Release */ = {
			isa = XCBuildConfiguration;
			baseConfigurationReference = 9EA1B70793769F89F9486BB2 /* Pods-ARoomie.release.xcconfig */;
			buildSettings = {
				ASSETCATALOG_COMPILER_APPICON_NAME = AppIcon;
				DEVELOPMENT_TEAM = RPCZUUG7G6;
				INFOPLIST_FILE = ARoomie/Info.plist;
				LD_RUNPATH_SEARCH_PATHS = "$(inherited) @executable_path/Frameworks";
				PRODUCT_BUNDLE_IDENTIFIER = com.yongching.ARoomie;
				PRODUCT_NAME = "$(TARGET_NAME)";
				SWIFT_VERSION = 3.0;
			};
			name = Release;
		};
/* End XCBuildConfiguration section */

/* Begin XCConfigurationList section */
		ACE8DE351E0089FB0025530F /* Build configuration list for PBXProject "ARoomie" */ = {
			isa = XCConfigurationList;
			buildConfigurations = (
				ACE8DE4A1E0089FB0025530F /* Debug */,
				ACE8DE4B1E0089FB0025530F /* Release */,
			);
			defaultConfigurationIsVisible = 0;
			defaultConfigurationName = Release;
		};
		ACE8DE4C1E0089FB0025530F /* Build configuration list for PBXNativeTarget "ARoomie" */ = {
			isa = XCConfigurationList;
			buildConfigurations = (
				ACE8DE4D1E0089FB0025530F /* Debug */,
				ACE8DE4E1E0089FB0025530F /* Release */,
			);
			defaultConfigurationIsVisible = 0;
			defaultConfigurationName = Release;
		};
/* End XCConfigurationList section */
	};
	rootObject = ACE8DE321E0089FB0025530F /* Project object */;
}
